
Microsoft Visual Studio Solution File, Format Version 12.00
# Visual Studio Version 16
VisualStudioVersion = 16.0.31624.102
MinimumVisualStudioVersion = 10.0.40219.1
Project("{FAE04EC0-301F-11D3-BF4B-00C04F79EFBC}") = "SistemaDeAlmacen2", "SistemaDeAlmacen2\SistemaDeAlmacen2.csproj", "{B0A8DC1D-4001-46C3-8CD1-E951262BB277}"
EndProject
Global
	GlobalSection(SolutionConfigurationPlatforms) = preSolution
		Debug|Any CPU = Debug|Any CPU
		Release|Any CPU = Release|Any CPU
	EndGlobalSection
	GlobalSection(ProjectConfigurationPlatforms) = postSolution
		{B0A8DC1D-4001-46C3-8CD1-E951262BB277}.Debug|Any CPU.ActiveCfg = Debug|Any CPU
		{B0A8DC1D-4001-46C3-8CD1-E951262BB277}.Debug|Any CPU.Build.0 = Debug|Any CPU
		{B0A8DC1D-4001-46C3-8CD1-E951262BB277}.Release|Any CPU.ActiveCfg = Release|Any CPU
		{B0A8DC1D-4001-46C3-8CD1-E951262BB277}.Release|Any CPU.Build.0 = Release|Any CPU
	EndGlobalSection
	GlobalSection(SolutionProperties) = preSolution
		HideSolutionNode = FALSE
	EndGlobalSection
	GlobalSection(ExtensibilityGlobals) = postSolution
		SolutionGuid = {1D88AB82-4685-40D6-86CF-99FC4386A5A1}
	EndGlobalSection
EndGlobal
